
Microsoft Visual Studio Solution File, Format Version 12.00
# Visual Studio Version 16
VisualStudioVersion = 16.0.30717.126
MinimumVisualStudioVersion = 10.0.40219.1
Project("{FAE04EC0-301F-11D3-BF4B-00C04F79EFBC}") = "Exercicio_CalculoIdade_DataTimePicker", "Exercicio_CalculoIdade_DataTimePicker\Exercicio_CalculoIdade_DataTimePicker.csproj", "{45E72DB4-4B92-464F-9BED-F18705B185D5}"
EndProject
Global
	GlobalSection(SolutionConfigurationPlatforms) = preSolution
		Debug|Any CPU = Debug|Any CPU
		Release|Any CPU = Release|Any CPU
	EndGlobalSection
	GlobalSection(ProjectConfigurationPlatforms) = postSolution
		{45E72DB4-4B92-464F-9BED-F18705B185D5}.Debug|Any CPU.ActiveCfg = Debug|Any CPU
		{45E72DB4-4B92-464F-9BED-F18705B185D5}.Debug|Any CPU.Build.0 = Debug|Any CPU
		{45E72DB4-4B92-464F-9BED-F18705B185D5}.Release|Any CPU.ActiveCfg = Release|Any CPU
		{45E72DB4-4B92-464F-9BED-F18705B185D5}.Release|Any CPU.Build.0 = Release|Any CPU
	EndGlobalSection
	GlobalSection(SolutionProperties) = preSolution
		HideSolutionNode = FALSE
	EndGlobalSection
	GlobalSection(ExtensibilityGlobals) = postSolution
		SolutionGuid = {6DDE6804-C565-45EA-A184-9EFB328424D5}
	EndGlobalSection
EndGlobal
